
Microsoft Visual Studio Solution File, Format Version 12.00
# Visual Studio Version 17
VisualStudioVersion = 17.14.37203.1
MinimumVisualStudioVersion = 10.0.40219.1
Project("{FAE04EC0-301F-11D3-BF4B-00C04F79EFBC}") = "Saber.Risk.Client", "Saber.Risk.Client\Saber.Risk.Client.csproj", "{5AB0E94B-8C8E-4F14-92C9-F6A939EE3E81}"
EndProject
Project("{FAE04EC0-301F-11D3-BF4B-00C04F79EFBC}") = "Saber.Risk.Core", "Saber.Risk.Core\Saber.Risk.Core.csproj", "{8A13256A-D971-44CF-8078-63652520A373}"
EndProject
Project("{FAE04EC0-301F-11D3-BF4B-00C04F79EFBC}") = "Saber.Risk.Api", "Saber.Risk.Api\Saber.Risk.Api.csproj", "{0DEBA783-C2EE-4BCC-BC12-71FAD7240981}"
EndProject
Global
	GlobalSection(SolutionConfigurationPlatforms) = preSolution
		Debug|Any CPU = Debug|Any CPU
		Release|Any CPU = Release|Any CPU
	EndGlobalSection
	GlobalSection(ProjectConfigurationPlatforms) = postSolution
		{5AB0E94B-8C8E-4F14-92C9-F6A939EE3E81}.Debug|Any CPU.ActiveCfg = Debug|Any CPU
		{5AB0E94B-8C8E-4F14-92C9-F6A939EE3E81}.Debug|Any CPU.Build.0 = Debug|Any CPU
		{5AB0E94B-8C8E-4F14-92C9-F6A939EE3E81}.Release|Any CPU.ActiveCfg = Release|Any CPU
		{5AB0E94B-8C8E-4F14-92C9-F6A939EE3E81}.Release|Any CPU.Build.0 = Release|Any CPU
		{8A13256A-D971-44CF-8078-63652520A373}.Debug|Any CPU.ActiveCfg = Debug|Any CPU
		{8A13256A-D971-44CF-8078-63652520A373}.Debug|Any CPU.Build.0 = Debug|Any CPU
		{8A13256A-D971-44CF-8078-63652520A373}.Release|Any CPU.ActiveCfg = Release|Any CPU
		{8A13256A-D971-44CF-8078-63652520A373}.Release|Any CPU.Build.0 = Release|Any CPU
		{0DEBA783-C2EE-4BCC-BC12-71FAD7240981}.Debug|Any CPU.ActiveCfg = Debug|Any CPU
		{0DEBA783-C2EE-4BCC-BC12-71FAD7240981}.Debug|Any CPU.Build.0 = Debug|Any CPU
		{0DEBA783-C2EE-4BCC-BC12-71FAD7240981}.Release|Any CPU.ActiveCfg = Release|Any CPU
		{0DEBA783-C2EE-4BCC-BC12-71FAD7240981}.Release|Any CPU.Build.0 = Release|Any CPU
	EndGlobalSection
	GlobalSection(SolutionProperties) = preSolution
		HideSolutionNode = FALSE
	EndGlobalSection
	GlobalSection(ExtensibilityGlobals) = postSolution
		SolutionGuid = {7AE30B2E-9B7B-4BC1-9BE7-34A29D7612DA}
	EndGlobalSection
EndGlobal
